
Microsoft Visual Studio Solution File, Format Version 12.00
# Visual Studio Version 17
VisualStudioVersion = 17.10.35122.118
MinimumVisualStudioVersion = 10.0.40219.1
Project("{FAE04EC0-301F-11D3-BF4B-00C04F79EFBC}") = "EmpresaLogistica", "EmpresaLogistica\EmpresaLogistica.csproj", "{C8CB6130-8110-41C3-B64B-B3D9AAC30118}"
EndProject
Global
	GlobalSection(SolutionConfigurationPlatforms) = preSolution
		Debug|Any CPU = Debug|Any CPU
		Release|Any CPU = Release|Any CPU
	EndGlobalSection
	GlobalSection(ProjectConfigurationPlatforms) = postSolution
		{C8CB6130-8110-41C3-B64B-B3D9AAC30118}.Debug|Any CPU.ActiveCfg = Debug|Any CPU
		{C8CB6130-8110-41C3-B64B-B3D9AAC30118}.Debug|Any CPU.Build.0 = Debug|Any CPU
		{C8CB6130-8110-41C3-B64B-B3D9AAC30118}.Release|Any CPU.ActiveCfg = Release|Any CPU
		{C8CB6130-8110-41C3-B64B-B3D9AAC30118}.Release|Any CPU.Build.0 = Release|Any CPU
	EndGlobalSection
	GlobalSection(SolutionProperties) = preSolution
		HideSolutionNode = FALSE
	EndGlobalSection
	GlobalSection(ExtensibilityGlobals) = postSolution
		SolutionGuid = {BD3E2598-4610-4367-AEFF-81B6D252C9C8}
	EndGlobalSection
EndGlobal
